
Microsoft Visual Studio Solution File, Format Version 12.00
# Visual Studio Version 16
VisualStudioVersion = 16.0.31624.102
MinimumVisualStudioVersion = 10.0.40219.1
Project("{8BC9CEB8-8B4A-11D0-8D11-00A0C91BC942}") = "Homework4", "Homework4.vcxproj", "{3973ED21-113A-4DB9-BBD6-CBED25B4265D}"
EndProject
Global
	GlobalSection(SolutionConfigurationPlatforms) = preSolution
		Debug|x64 = Debug|x64
		Debug|x86 = Debug|x86
		Release|x64 = Release|x64
		Release|x86 = Release|x86
	EndGlobalSection
	GlobalSection(ProjectConfigurationPlatforms) = postSolution
		{3973ED21-113A-4DB9-BBD6-CBED25B4265D}.Debug|x64.ActiveCfg = Debug|x64
		{3973ED21-113A-4DB9-BBD6-CBED25B4265D}.Debug|x64.Build.0 = Debug|x64
		{3973ED21-113A-4DB9-BBD6-CBED25B4265D}.Debug|x86.ActiveCfg = Debug|Win32
		{3973ED21-113A-4DB9-BBD6-CBED25B4265D}.Debug|x86.Build.0 = Debug|Win32
		{3973ED21-113A-4DB9-BBD6-CBED25B4265D}.Release|x64.ActiveCfg = Release|x64
		{3973ED21-113A-4DB9-BBD6-CBED25B4265D}.Release|x64.Build.0 = Release|x64
		{3973ED21-113A-4DB9-BBD6-CBED25B4265D}.Release|x86.ActiveCfg = Release|Win32
		{3973ED21-113A-4DB9-BBD6-CBED25B4265D}.Release|x86.Build.0 = Release|Win32
	EndGlobalSection
	GlobalSection(SolutionProperties) = preSolution
		HideSolutionNode = FALSE
	EndGlobalSection
	GlobalSection(ExtensibilityGlobals) = postSolution
		SolutionGuid = {F6216E11-DA40-41B3-97E9-E5ED79C97814}
	EndGlobalSection
EndGlobal
